
Microsoft Visual Studio Solution File, Format Version 12.00
# Visual Studio Version 17
VisualStudioVersion = 17.14.36408.4
MinimumVisualStudioVersion = 10.0.40219.1
Project("{FAE04EC0-301F-11D3-BF4B-00C04F79EFBC}") = "OrderProcessing.Core", "OrderProcessing.Core\OrderProcessing.Core.csproj", "{0B6D854B-2632-46BC-88EA-36873A30363E}"
EndProject
Project("{FAE04EC0-301F-11D3-BF4B-00C04F79EFBC}") = "OrderProcessing.Infrastructure", "OrderProcessing.Infrastructure\OrderProcessing.Infrastructure.csproj", "{5E90B968-A6B7-412D-A0C8-F87432E17AEF}"
EndProject
Project("{FAE04EC0-301F-11D3-BF4B-00C04F79EFBC}") = "OrderProcessing.Services", "OrderProcessing.Services\OrderProcessing.Services.csproj", "{7980E51A-7934-43A4-B8F9-AADE562919A8}"
EndProject
Project("{FAE04EC0-301F-11D3-BF4B-00C04F79EFBC}") = "OrderProcessing.Api.Mvc", "OrderProcessing.Api.Mvc\OrderProcessing.Api.Mvc.csproj", "{9673F1FE-0C43-49CA-B1CF-1EAED104C0A6}"
EndProject
Project("{FAE04EC0-301F-11D3-BF4B-00C04F79EFBC}") = "OrderProcessing.Api", "OrderProcessing.Api\OrderProcessing.Api.csproj", "{267ADC2C-C92E-4EF7-9CDC-AD80F139F9F6}"
EndProject
Global
	GlobalSection(SolutionConfigurationPlatforms) = preSolution
		Debug|Any CPU = Debug|Any CPU
		Release|Any CPU = Release|Any CPU
	EndGlobalSection
	GlobalSection(ProjectConfigurationPlatforms) = postSolution
		{0B6D854B-2632-46BC-88EA-36873A30363E}.Debug|Any CPU.ActiveCfg = Debug|Any CPU
		{0B6D854B-2632-46BC-88EA-36873A30363E}.Debug|Any CPU.Build.0 = Debug|Any CPU
		{0B6D854B-2632-46BC-88EA-36873A30363E}.Release|Any CPU.ActiveCfg = Release|Any CPU
		{0B6D854B-2632-46BC-88EA-36873A30363E}.Release|Any CPU.Build.0 = Release|Any CPU
		{5E90B968-A6B7-412D-A0C8-F87432E17AEF}.Debug|Any CPU.ActiveCfg = Debug|Any CPU
		{5E90B968-A6B7-412D-A0C8-F87432E17AEF}.Debug|Any CPU.Build.0 = Debug|Any CPU
		{5E90B968-A6B7-412D-A0C8-F87432E17AEF}.Release|Any CPU.ActiveCfg = Release|Any CPU
		{5E90B968-A6B7-412D-A0C8-F87432E17AEF}.Release|Any CPU.Build.0 = Release|Any CPU
		{7980E51A-7934-43A4-B8F9-AADE562919A8}.Debug|Any CPU.ActiveCfg = Debug|Any CPU
		{7980E51A-7934-43A4-B8F9-AADE562919A8}.Debug|Any CPU.Build.0 = Debug|Any CPU
		{7980E51A-7934-43A4-B8F9-AADE562919A8}.Release|Any CPU.ActiveCfg = Release|Any CPU
		{7980E51A-7934-43A4-B8F9-AADE562919A8}.Release|Any CPU.Build.0 = Release|Any CPU
		{9673F1FE-0C43-49CA-B1CF-1EAED104C0A6}.Debug|Any CPU.ActiveCfg = Debug|Any CPU
		{9673F1FE-0C43-49CA-B1CF-1EAED104C0A6}.Debug|Any CPU.Build.0 = Debug|Any CPU
		{9673F1FE-0C43-49CA-B1CF-1EAED104C0A6}.Release|Any CPU.ActiveCfg = Release|Any CPU
		{9673F1FE-0C43-49CA-B1CF-1EAED104C0A6}.Release|Any CPU.Build.0 = Release|Any CPU
		{267ADC2C-C92E-4EF7-9CDC-AD80F139F9F6}.Debug|Any CPU.ActiveCfg = Debug|Any CPU
		{267ADC2C-C92E-4EF7-9CDC-AD80F139F9F6}.Debug|Any CPU.Build.0 = Debug|Any CPU
		{267ADC2C-C92E-4EF7-9CDC-AD80F139F9F6}.Release|Any CPU.ActiveCfg = Release|Any CPU
		{267ADC2C-C92E-4EF7-9CDC-AD80F139F9F6}.Release|Any CPU.Build.0 = Release|Any CPU
	EndGlobalSection
	GlobalSection(SolutionProperties) = preSolution
		HideSolutionNode = FALSE
	EndGlobalSection
	GlobalSection(ExtensibilityGlobals) = postSolution
		SolutionGuid = {62E39433-8BD5-4E57-88FC-4658FF1ECB51}
	EndGlobalSection
EndGlobal
